
Microsoft Visual Studio Solution File, Format Version 12.00
# Visual Studio 14
VisualStudioVersion = 14.0.25123.0
MinimumVisualStudioVersion = 10.0.40219.1
Project("{FAE04EC0-301F-11D3-BF4B-00C04F79EFBC}") = "ConsoleApplication1", "ConsoleApplication1\ConsoleApplication1.csproj", "{1CC55D5D-7FCB-457B-B20C-B1749A236BAE}"
EndProject
Project("{FAE04EC0-301F-11D3-BF4B-00C04F79EFBC}") = "UnitTestProject2", "UnitTestProject2\UnitTestProject2.csproj", "{68ABA958-C751-4000-9DF8-DF742EB22D7D}"
EndProject
Global
	GlobalSection(SolutionConfigurationPlatforms) = preSolution
		Debug|Any CPU = Debug|Any CPU
		Release|Any CPU = Release|Any CPU
	EndGlobalSection
	GlobalSection(ProjectConfigurationPlatforms) = postSolution
		{1CC55D5D-7FCB-457B-B20C-B1749A236BAE}.Debug|Any CPU.ActiveCfg = Debug|Any CPU
		{1CC55D5D-7FCB-457B-B20C-B1749A236BAE}.Debug|Any CPU.Build.0 = Debug|Any CPU
		{1CC55D5D-7FCB-457B-B20C-B1749A236BAE}.Release|Any CPU.ActiveCfg = Release|Any CPU
		{1CC55D5D-7FCB-457B-B20C-B1749A236BAE}.Release|Any CPU.Build.0 = Release|Any CPU
		{68ABA958-C751-4000-9DF8-DF742EB22D7D}.Debug|Any CPU.ActiveCfg = Debug|Any CPU
		{68ABA958-C751-4000-9DF8-DF742EB22D7D}.Debug|Any CPU.Build.0 = Debug|Any CPU
		{68ABA958-C751-4000-9DF8-DF742EB22D7D}.Release|Any CPU.ActiveCfg = Release|Any CPU
		{68ABA958-C751-4000-9DF8-DF742EB22D7D}.Release|Any CPU.Build.0 = Release|Any CPU
	EndGlobalSection
	GlobalSection(SolutionProperties) = preSolution
		HideSolutionNode = FALSE
	EndGlobalSection
EndGlobal
